
Microsoft Visual Studio Solution File, Format Version 12.00
# Visual Studio Version 17
VisualStudioVersion = 17.0.31903.59
MinimumVisualStudioVersion = 10.0.40219.1
Project("{FAE04EC0-301F-11D3-BF4B-00C04F79EFBC}") = "web_app", "web_app\web_app.csproj", "{ADC7C24B-4BAC-40D2-9502-E80533FC046D}"
EndProject
Global
	GlobalSection(SolutionConfigurationPlatforms) = preSolution
		Debug|Any CPU = Debug|Any CPU
		Release|Any CPU = Release|Any CPU
	EndGlobalSection
	GlobalSection(SolutionProperties) = preSolution
		HideSolutionNode = FALSE
	EndGlobalSection
	GlobalSection(ProjectConfigurationPlatforms) = postSolution
		{ADC7C24B-4BAC-40D2-9502-E80533FC046D}.Debug|Any CPU.ActiveCfg = Debug|Any CPU
		{ADC7C24B-4BAC-40D2-9502-E80533FC046D}.Debug|Any CPU.Build.0 = Debug|Any CPU
		{ADC7C24B-4BAC-40D2-9502-E80533FC046D}.Release|Any CPU.ActiveCfg = Release|Any CPU
		{ADC7C24B-4BAC-40D2-9502-E80533FC046D}.Release|Any CPU.Build.0 = Release|Any CPU
	EndGlobalSection
EndGlobal
